
Microsoft Visual Studio Solution File, Format Version 12.00
# Visual Studio Version 16
VisualStudioVersion = 16.0.31424.327
MinimumVisualStudioVersion = 10.0.40219.1
Project("{9A19103F-16F7-4668-BE54-9A1E7A4F7556}") = "01.CountRealNumbers", "01.CountRealNumbers\01.CountRealNumbers.csproj", "{86EB0206-42D0-48BE-963D-60D8418A49B2}"
EndProject
Project("{9A19103F-16F7-4668-BE54-9A1E7A4F7556}") = "02.OddOccurences", "02.OddOccurences\02.OddOccurences.csproj", "{C07B9A35-A11D-4181-91C3-544C6E29BA3B}"
EndProject
Project("{FAE04EC0-301F-11D3-BF4B-00C04F79EFBC}") = "03.WordSynonyms", "03.WordSynonyms\03.WordSynonyms.csproj", "{20F06DF1-CC9F-4649-820E-59D778DBC18A}"
EndProject
Project("{FAE04EC0-301F-11D3-BF4B-00C04F79EFBC}") = "04.Largest3Numbers", "04.Largest3Numbers\04.Largest3Numbers.csproj", "{2F085C38-66BB-418C-BCA1-F6F30DD5DF21}"
EndProject
Project("{FAE04EC0-301F-11D3-BF4B-00C04F79EFBC}") = "05.WordFilter", "05.WordFilter\05.WordFilter.csproj", "{C1F197BC-EBAC-4020-923E-E4689BFDF509}"
EndProject
Global
	GlobalSection(SolutionConfigurationPlatforms) = preSolution
		Debug|Any CPU = Debug|Any CPU
		Release|Any CPU = Release|Any CPU
	EndGlobalSection
	GlobalSection(ProjectConfigurationPlatforms) = postSolution
		{86EB0206-42D0-48BE-963D-60D8418A49B2}.Debug|Any CPU.ActiveCfg = Debug|Any CPU
		{86EB0206-42D0-48BE-963D-60D8418A49B2}.Debug|Any CPU.Build.0 = Debug|Any CPU
		{86EB0206-42D0-48BE-963D-60D8418A49B2}.Release|Any CPU.ActiveCfg = Release|Any CPU
		{86EB0206-42D0-48BE-963D-60D8418A49B2}.Release|Any CPU.Build.0 = Release|Any CPU
		{C07B9A35-A11D-4181-91C3-544C6E29BA3B}.Debug|Any CPU.ActiveCfg = Debug|Any CPU
		{C07B9A35-A11D-4181-91C3-544C6E29BA3B}.Debug|Any CPU.Build.0 = Debug|Any CPU
		{C07B9A35-A11D-4181-91C3-544C6E29BA3B}.Release|Any CPU.ActiveCfg = Release|Any CPU
		{C07B9A35-A11D-4181-91C3-544C6E29BA3B}.Release|Any CPU.Build.0 = Release|Any CPU
		{20F06DF1-CC9F-4649-820E-59D778DBC18A}.Debug|Any CPU.ActiveCfg = Debug|Any CPU
		{20F06DF1-CC9F-4649-820E-59D778DBC18A}.Debug|Any CPU.Build.0 = Debug|Any CPU
		{20F06DF1-CC9F-4649-820E-59D778DBC18A}.Release|Any CPU.ActiveCfg = Release|Any CPU
		{20F06DF1-CC9F-4649-820E-59D778DBC18A}.Release|Any CPU.Build.0 = Release|Any CPU
		{2F085C38-66BB-418C-BCA1-F6F30DD5DF21}.Debug|Any CPU.ActiveCfg = Debug|Any CPU
		{2F085C38-66BB-418C-BCA1-F6F30DD5DF21}.Debug|Any CPU.Build.0 = Debug|Any CPU
		{2F085C38-66BB-418C-BCA1-F6F30DD5DF21}.Release|Any CPU.ActiveCfg = Release|Any CPU
		{2F085C38-66BB-418C-BCA1-F6F30DD5DF21}.Release|Any CPU.Build.0 = Release|Any CPU
		{C1F197BC-EBAC-4020-923E-E4689BFDF509}.Debug|Any CPU.ActiveCfg = Debug|Any CPU
		{C1F197BC-EBAC-4020-923E-E4689BFDF509}.Debug|Any CPU.Build.0 = Debug|Any CPU
		{C1F197BC-EBAC-4020-923E-E4689BFDF509}.Release|Any CPU.ActiveCfg = Release|Any CPU
		{C1F197BC-EBAC-4020-923E-E4689BFDF509}.Release|Any CPU.Build.0 = Release|Any CPU
	EndGlobalSection
	GlobalSection(SolutionProperties) = preSolution
		HideSolutionNode = FALSE
	EndGlobalSection
	GlobalSection(ExtensibilityGlobals) = postSolution
		SolutionGuid = {5A2D6FD6-376D-4B0A-9095-67FAF651CE97}
	EndGlobalSection
EndGlobal
